// !$*UTF8*$!
{
	archiveVersion = 1;
	classes = {
	};
	objectVersion = 46;
	objects = {

/* Begin PBXBuildFile section */
		FAEE269E1D490C8E00C4EE03 /* AppDelegate.swift in Sources */ = {isa = PBXBuildFile; fileRef = FAEE269D1D490C8E00C4EE03 /* AppDelegate.swift */; };
		FAEE26A01D490C8E00C4EE03 /* ViewController.swift in Sources */ = {isa = PBXBuildFile; fileRef = FAEE269F1D490C8E00C4EE03 /* ViewController.swift */; };
		FAEE26A31D490C8E00C4EE03 /* Main.storyboard in Resources */ = {isa = PBXBuildFile; fileRef = FAEE26A11D490C8E00C4EE03 /* Main.storyboard */; };
		FAEE26A51D490C8E00C4EE03 /* Assets.xcassets in Resources */ = {isa = PBXBuildFile; fileRef = FAEE26A41D490C8E00C4EE03 /* Assets.xcassets */; };
		FAEE26A81D490C8E00C4EE03 /* LaunchScreen.storyboard in Resources */ = {isa = PBXBuildFile; fileRef = FAEE26A61D490C8E00C4EE03 /* LaunchScreen.storyboard */; };
		FAEE26B31D490C8E00C4EE03 /* Controly_TestTests.swift in Sources */ = {isa = PBXBuildFile; fileRef = FAEE26B21D490C8E00C4EE03 /* Controly_TestTests.swift */; };
		FAEE26BE1D490C8E00C4EE03 /* Controly_TestUITests.swift in Sources */ = {isa = PBXBuildFile; fileRef = FAEE26BD1D490C8E00C4EE03 /* Controly_TestUITests.swift */; };
/* End PBXBuildFile section */

/* Begin PBXContainerItemProxy section */
		FAEE26AF1D490C8E00C4EE03 /* PBXContainerItemProxy */ = {
			isa = PBXContainerItemProxy;
			containerPortal = FAEE26921D490C8E00C4EE03 /* Project object */;
			proxyType = 1;
			remoteGlobalIDString = FAEE26991D490C8E00C4EE03;
			remoteInfo = Controly_Test;
		};
		FAEE26BA1D490C8E00C4EE03 /* PBXContainerItemProxy */ = {
			isa = PBXContainerItemProxy;
			containerPortal = FAEE26921D490C8E00C4EE03 /* Project object */;
			proxyType = 1;
			remoteGlobalIDString = FAEE26991D490C8E00C4EE03;
			remoteInfo = Controly_Test;
		};
/* End PBXContainerItemProxy section */

/* Begin PBXFileReference section */
		FAEE269A1D490C8E00C4EE03 /* Controly_Test.app */ = {isa = PBXFileReference; explicitFileType = wrapper.application; includeInIndex = 0; path = Controly_Test.app; sourceTree = BUILT_PRODUCTS_DIR; };
		FAEE269D1D490C8E00C4EE03 /* AppDelegate.swift */ = {isa = PBXFileReference; lastKnownFileType = sourcecode.swift; path = AppDelegate.swift; sourceTree = "<group>"; };
		FAEE269F1D490C8E00C4EE03 /* ViewController.swift */ = {isa = PBXFileReference; lastKnownFileType = sourcecode.swift; path = ViewController.swift; sourceTree = "<group>"; };
		FAEE26A21D490C8E00C4EE03 /* Base */ = {isa = PBXFileReference; lastKnownFileType = file.storyboard; name = Base; path = Base.lproj/Main.storyboard; sourceTree = "<group>"; };
		FAEE26A41D490C8E00C4EE03 /* Assets.xcassets */ = {isa = PBXFileReference; lastKnownFileType = folder.assetcatalog; path = Assets.xcassets; sourceTree = "<group>"; };
		FAEE26A71D490C8E00C4EE03 /* Base */ = {isa = PBXFileReference; lastKnownFileType = file.storyboard; name = Base; path = Base.lproj/LaunchScreen.storyboard; sourceTree = "<group>"; };
		FAEE26A91D490C8E00C4EE03 /* Info.plist */ = {isa = PBXFileReference; lastKnownFileType = text.plist.xml; path = Info.plist; sourceTree = "<group>"; };
		FAEE26AE1D490C8E00C4EE03 /* Controly_TestTests.xctest */ = {isa = PBXFileReference; explicitFileType = wrapper.cfbundle; includeInIndex = 0; path = Controly_TestTests.xctest; sourceTree = BUILT_PRODUCTS_DIR; };
		FAEE26B21D490C8E00C4EE03 /* Controly_TestTests.swift */ = {isa = PBXFileReference; lastKnownFileType = sourcecode.swift; path = Controly_TestTests.swift; sourceTree = "<group>"; };
		FAEE26B41D490C8E00C4EE03 /* Info.plist */ = {isa = PBXFileReference; lastKnownFileType = text.plist.xml; path = Info.plist; sourceTree = "<group>"; };
		FAEE26B91D490C8E00C4EE03 /* Controly_TestUITests.xctest */ = {isa = PBXFileReference; explicitFileType = wrapper.cfbundle; includeInIndex = 0; path = Controly_TestUITests.xctest; sourceTree = BUILT_PRODUCTS_DIR; };
		FAEE26BD1D490C8E00C4EE03 /* Controly_TestUITests.swift */ = {isa = PBXFileReference; lastKnownFileType = sourcecode.swift; path = Controly_TestUITests.swift; sourceTree = "<group>"; };
		FAEE26BF1D490C8E00C4EE03 /* Info.plist */ = {isa = PBXFileReference; lastKnownFileType = text.plist.xml; path = Info.plist; sourceTree = "<group>"; };
/* End PBXFileReference section */

/* Begin PBXFrameworksBuildPhase section */
		FAEE26971D490C8E00C4EE03 /* Frameworks */ = {
			isa = PBXFrameworksBuildPhase;
			buildActionMask = 2147483647;
			files = (
			);
			runOnlyForDeploymentPostprocessing = 0;
		};
		FAEE26AB1D490C8E00C4EE03 /* Frameworks */ = {
			isa = PBXFrameworksBuildPhase;
			buildActionMask = 2147483647;
			files = (
			);
			runOnlyForDeploymentPostprocessing = 0;
		};
		FAEE26B61D490C8E00C4EE03 /* Frameworks */ = {
			isa = PBXFrameworksBuildPhase;
			buildActionMask = 2147483647;
			files = (
			);
			runOnlyForDeploymentPostprocessing = 0;
		};
/* End PBXFrameworksBuildPhase section */

/* Begin PBXGroup section */
		FAEE26911D490C8E00C4EE03 = {
			isa = PBXGroup;
			children = (
				FAEE269C1D490C8E00C4EE03 /* Controly_Test */,
				FAEE26B11D490C8E00C4EE03 /* Controly_TestTests */,
				FAEE26BC1D490C8E00C4EE03 /* Controly_TestUITests */,
				FAEE269B1D490C8E00C4EE03 /* Products */,
			);
			sourceTree = "<group>";
		};
		FAEE269B1D490C8E00C4EE03 /* Products */ = {
			isa = PBXGroup;
			children = (
				FAEE269A1D490C8E00C4EE03 /* Controly_Test.app */,
				FAEE26AE1D490C8E00C4EE03 /* Controly_TestTests.xctest */,
				FAEE26B91D490C8E00C4EE03 /* Controly_TestUITests.xctest */,
			);
			name = Products;
			sourceTree = "<group>";
		};
		FAEE269C1D490C8E00C4EE03 /* Controly_Test */ = {
			isa = PBXGroup;
			children = (
				FAEE269D1D490C8E00C4EE03 /* AppDelegate.swift */,
				FAEE269F1D490C8E00C4EE03 /* ViewController.swift */,
				FAEE26A11D490C8E00C4EE03 /* Main.storyboard */,
				FAEE26A41D490C8E00C4EE03 /* Assets.xcassets */,
				FAEE26A61D490C8E00C4EE03 /* LaunchScreen.storyboard */,
				FAEE26A91D490C8E00C4EE03 /* Info.plist */,
			);
			path = Controly_Test;
			sourceTree = "<group>";
		};
		FAEE26B11D490C8E00C4EE03 /* Controly_TestTests */ = {
			isa = PBXGroup;
			children = (
				FAEE26B21D490C8E00C4EE03 /* Controly_TestTests.swift */,
				FAEE26B41D490C8E00C4EE03 /* Info.plist */,
			);
			path = Controly_TestTests;
			sourceTree = "<group>";
		};
		FAEE26BC1D490C8E00C4EE03 /* Controly_TestUITests */ = {
			isa = PBXGroup;
			children = (
				FAEE26BD1D490C8E00C4EE03 /* Controly_TestUITests.swift */,
				FAEE26BF1D490C8E00C4EE03 /* Info.plist */,
			);
			path = Controly_TestUITests;
			sourceTree = "<group>";
		};
/* End PBXGroup section */

/* Begin PBXNativeTarget section */
		FAEE26991D490C8E00C4EE03 /* Controly_Test */ = {
			isa = PBXNativeTarget;
			buildConfigurationList = FAEE26C21D490C8E00C4EE03 /* Build configuration list for PBXNativeTarget "Controly_Test" */;
			buildPhases = (
				FAEE26961D490C8E00C4EE03 /* Sources */,
				FAEE26971D490C8E00C4EE03 /* Frameworks */,
				FAEE26981D490C8E00C4EE03 /* Resources */,
			);
			buildRules = (
			);
			dependencies = (
			);
			name = Controly_Test;
			productName = Controly_Test;
			productReference = FAEE269A1D490C8E00C4EE03 /* Controly_Test.app */;
			productType = "com.apple.product-type.application";
		};
		FAEE26AD1D490C8E00C4EE03 /* Controly_TestTests */ = {
			isa = PBXNativeTarget;
			buildConfigurationList = FAEE26C51D490C8E00C4EE03 /* Build configuration list for PBXNativeTarget "Controly_TestTests" */;
			buildPhases = (
				FAEE26AA1D490C8E00C4EE03 /* Sources */,
				FAEE26AB1D490C8E00C4EE03 /* Frameworks */,
				FAEE26AC1D490C8E00C4EE03 /* Resources */,
			);
			buildRules = (
			);
			dependencies = (
				FAEE26B01D490C8E00C4EE03 /* PBXTargetDependency */,
			);
			name = Controly_TestTests;
			productName = Controly_TestTests;
			productReference = FAEE26AE1D490C8E00C4EE03 /* Controly_TestTests.xctest */;
			productType = "com.apple.product-type.bundle.unit-test";
		};
		FAEE26B81D490C8E00C4EE03 /* Controly_TestUITests */ = {
			isa = PBXNativeTarget;
			buildConfigurationList = FAEE26C81D490C8E00C4EE03 /* Build configuration list for PBXNativeTarget "Controly_TestUITests" */;
			buildPhases = (
				FAEE26B51D490C8E00C4EE03 /* Sources */,
				FAEE26B61D490C8E00C4EE03 /* Frameworks */,
				FAEE26B71D490C8E00C4EE03 /* Resources */,
			);
			buildRules = (
			);
			dependencies = (
				FAEE26BB1D490C8E00C4EE03 /* PBXTargetDependency */,
			);
			name = Controly_TestUITests;
			productName = Controly_TestUITests;
			productReference = FAEE26B91D490C8E00C4EE03 /* Controly_TestUITests.xctest */;
			productType = "com.apple.product-type.bundle.ui-testing";
		};
/* End PBXNativeTarget section */

/* Begin PBXProject section */
		FAEE26921D490C8E00C4EE03 /* Project object */ = {
			isa = PBXProject;
			attributes = {
				LastSwiftUpdateCheck = 0730;
				LastUpgradeCheck = 0730;
				ORGANIZATIONNAME = "Fabio Takahara";
				TargetAttributes = {
					FAEE26991D490C8E00C4EE03 = {
						CreatedOnToolsVersion = 7.3;
					};
					FAEE26AD1D490C8E00C4EE03 = {
						CreatedOnToolsVersion = 7.3;
						TestTargetID = FAEE26991D490C8E00C4EE03;
					};
					FAEE26B81D490C8E00C4EE03 = {
						CreatedOnToolsVersion = 7.3;
						TestTargetID = FAEE26991D490C8E00C4EE03;
					};
				};
			};
			buildConfigurationList = FAEE26951D490C8E00C4EE03 /* Build configuration list for PBXProject "Controly_Test" */;
			compatibilityVersion = "Xcode 3.2";
			developmentRegion = English;
			hasScannedForEncodings = 0;
			knownRegions = (
				en,
				Base,
			);
			mainGroup = FAEE26911D490C8E00C4EE03;
			productRefGroup = FAEE269B1D490C8E00C4EE03 /* Products */;
			projectDirPath = "";
			projectRoot = "";
			targets = (
				FAEE26991D490C8E00C4EE03 /* Controly_Test */,
				FAEE26AD1D490C8E00C4EE03 /* Controly_TestTests */,
				FAEE26B81D490C8E00C4EE03 /* Controly_TestUITests */,
			);
		};
/* End PBXProject section */

/* Begin PBXResourcesBuildPhase section */
		FAEE26981D490C8E00C4EE03 /* Resources */ = {
			isa = PBXResourcesBuildPhase;
			buildActionMask = 2147483647;
			files = (
				FAEE26A81D490C8E00C4EE03 /* LaunchScreen.storyboard in Resources */,
				FAEE26A51D490C8E00C4EE03 /* Assets.xcassets in Resources */,
				FAEE26A31D490C8E00C4EE03 /* Main.storyboard in Resources */,
			);
			runOnlyForDeploymentPostprocessing = 0;
		};
		FAEE26AC1D490C8E00C4EE03 /* Resources */ = {
			isa = PBXResourcesBuildPhase;
			buildActionMask = 2147483647;
			files = (
			);
			runOnlyForDeploymentPostprocessing = 0;
		};
		FAEE26B71D490C8E00C4EE03 /* Resources */ = {
			isa = PBXResourcesBuildPhase;
			buildActionMask = 2147483647;
			files = (
			);
			runOnlyForDeploymentPostprocessing = 0;
		};
/* End PBXResourcesBuildPhase section */

/* Begin PBXSourcesBuildPhase section */
		FAEE26961D490C8E00C4EE03 /* Sources */ = {
			isa = PBXSourcesBuildPhase;
			buildActionMask = 2147483647;
			files = (
				FAEE26A01D490C8E00C4EE03 /* ViewController.swift in Sources */,
				FAEE269E1D490C8E00C4EE03 /* AppDelegate.swift in Sources */,
			);
			runOnlyForDeploymentPostprocessing = 0;
		};
		FAEE26AA1D490C8E00C4EE03 /* Sources */ = {
			isa = PBXSourcesBuildPhase;
			buildActionMask = 2147483647;
			files = (
				FAEE26B31D490C8E00C4EE03 /* Controly_TestTests.swift in Sources */,
			);
			runOnlyForDeploymentPostprocessing = 0;
		};
		FAEE26B51D490C8E00C4EE03 /* Sources */ = {
			isa = PBXSourcesBuildPhase;
			buildActionMask = 2147483647;
			files = (
				FAEE26BE1D490C8E00C4EE03 /* Controly_TestUITests.swift in Sources */,
			);
			runOnlyForDeploymentPostprocessing = 0;
		};
/* End PBXSourcesBuildPhase section */

/* Begin PBXTargetDependency section */
		FAEE26B01D490C8E00C4EE03 /* PBXTargetDependency */ = {
			isa = PBXTargetDependency;
			target = FAEE26991D490C8E00C4EE03 /* Controly_Test */;
			targetProxy = FAEE26AF1D490C8E00C4EE03 /* PBXContainerItemProxy */;
		};
		FAEE26BB1D490C8E00C4EE03 /* PBXTargetDependency */ = {
			isa = PBXTargetDependency;
			target = FAEE26991D490C8E00C4EE03 /* Controly_Test */;
			targetProxy = FAEE26BA1D490C8E00C4EE03 /* PBXContainerItemProxy */;
		};
/* End PBXTargetDependency section */

/* Begin PBXVariantGroup section */
		FAEE26A11D490C8E00C4EE03 /* Main.storyboard */ = {
			isa = PBXVariantGroup;
			children = (
				FAEE26A21D490C8E00C4EE03 /* Base */,
			);
			name = Main.storyboard;
			sourceTree = "<group>";
		};
		FAEE26A61D490C8E00C4EE03 /* LaunchScreen.storyboard */ = {
			isa = PBXVariantGroup;
			children = (
				FAEE26A71D490C8E00C4EE03 /* Base */,
			);
			name = LaunchScreen.storyboard;
			sourceTree = "<group>";
		};
/* End PBXVariantGroup section */

/* Begin XCBuildConfiguration section */
		FAEE26C01D490C8E00C4EE03 /* Debug */ = {
			isa = XCBuildConfiguration;
			buildSettings = {
				ALWAYS_SEARCH_USER_PATHS = NO;
				CLANG_ANALYZER_NONNULL = YES;
				CLANG_CXX_LANGUAGE_STANDARD = "gnu++0x";
				CLANG_CXX_LIBRARY = "libc++";
				CLANG_ENABLE_MODULES = YES;
				CLANG_ENABLE_OBJC_ARC = YES;
				CLANG_WARN_BOOL_CONVERSION = YES;
				CLANG_WARN_CONSTANT_CONVERSION = YES;
				CLANG_WARN_DIRECT_OBJC_ISA_USAGE = YES_ERROR;
				CLANG_WARN_EMPTY_BODY = YES;
				CLANG_WARN_ENUM_CONVERSION = YES;
				CLANG_WARN_INT_CONVERSION = YES;
				CLANG_WARN_OBJC_ROOT_CLASS = YES_ERROR;
				CLANG_WARN_UNREACHABLE_CODE = YES;
				CLANG_WARN__DUPLICATE_METHOD_MATCH = YES;
				"CODE_SIGN_IDENTITY[sdk=iphoneos*]" = "iPhone Developer";
				COPY_PHASE_STRIP = NO;
				DEBUG_INFORMATION_FORMAT = dwarf;
				ENABLE_STRICT_OBJC_MSGSEND = YES;
				ENABLE_TESTABILITY = YES;
				GCC_C_LANGUAGE_STANDARD = gnu99;
				GCC_DYNAMIC_NO_PIC = NO;
				GCC_NO_COMMON_BLOCKS = YES;
				GCC_OPTIMIZATION_LEVEL = 0;
				GCC_PREPROCESSOR_DEFINITIONS = (
					"DEBUG=1",
					"$(inherited)",
				);
				GCC_WARN_64_TO_32_BIT_CONVERSION = YES;
				GCC_WARN_ABOUT_RETURN_TYPE = YES_ERROR;
				GCC_WARN_UNDECLARED_SELECTOR = YES;
				GCC_WARN_UNINITIALIZED_AUTOS = YES_AGGRESSIVE;
				GCC_WARN_UNUSED_FUNCTION = YES;
				GCC_WARN_UNUSED_VARIABLE = YES;
				IPHONEOS_DEPLOYMENT_TARGET = 9.3;
				MTL_ENABLE_DEBUG_INFO = YES;
				ONLY_ACTIVE_ARCH = YES;
				SDKROOT = iphoneos;
				SWIFT_OPTIMIZATION_LEVEL = "-Onone";
			};
			name = Debug;
		};
		FAEE26C11D490C8E00C4EE03 /* Release */ = {
			isa = XCBuildConfiguration;
			buildSettings = {
				ALWAYS_SEARCH_USER_PATHS = NO;
				CLANG_ANALYZER_NONNULL = YES;
				CLANG_CXX_LANGUAGE_STANDARD = "gnu++0x";
				CLANG_CXX_LIBRARY = "libc++";
				CLANG_ENABLE_MODULES = YES;
				CLANG_ENABLE_OBJC_ARC = YES;
				CLANG_WARN_BOOL_CONVERSION = YES;
				CLANG_WARN_CONSTANT_CONVERSION = YES;
				CLANG_WARN_DIRECT_OBJC_ISA_USAGE = YES_ERROR;
				CLANG_WARN_EMPTY_BODY = YES;
				CLANG_WARN_ENUM_CONVERSION = YES;
				CLANG_WARN_INT_CONVERSION = YES;
				CLANG_WARN_OBJC_ROOT_CLASS = YES_ERROR;
				CLANG_WARN_UNREACHABLE_CODE = YES;
				CLANG_WARN__DUPLICATE_METHOD_MATCH = YES;
				"CODE_SIGN_IDENTITY[sdk=iphoneos*]" = "iPhone Developer";
				COPY_PHASE_STRIP = NO;
				DEBUG_INFORMATION_FORMAT = "dwarf-with-dsym";
				ENABLE_NS_ASSERTIONS = NO;
				ENABLE_STRICT_OBJC_MSGSEND = YES;
				GCC_C_LANGUAGE_STANDARD = gnu99;
				GCC_NO_COMMON_BLOCKS = YES;
				GCC_WARN_64_TO_32_BIT_CONVERSION = YES;
				GCC_WARN_ABOUT_RETURN_TYPE = YES_ERROR;
				GCC_WARN_UNDECLARED_SELECTOR = YES;
				GCC_WARN_UNINITIALIZED_AUTOS = YES_AGGRESSIVE;
				GCC_WARN_UNUSED_FUNCTION = YES;
				GCC_WARN_UNUSED_VARIABLE = YES;
				IPHONEOS_DEPLOYMENT_TARGET = 9.3;
				MTL_ENABLE_DEBUG_INFO = NO;
				SDKROOT = iphoneos;
				VALIDATE_PRODUCT = YES;
			};
			name = Release;
		};
		FAEE26C31D490C8E00C4EE03 /* Debug */ = {
			isa = XCBuildConfiguration;
			buildSettings = {
				ASSETCATALOG_COMPILER_APPICON_NAME = AppIcon;
				INFOPLIST_FILE = Controly_Test/Info.plist;
				LD_RUNPATH_SEARCH_PATHS = "$(inherited) @executable_path/Frameworks";
				PRODUCT_BUNDLE_IDENTIFIER = "com.FYT.Controly-Test";
				PRODUCT_NAME = "$(TARGET_NAME)";
			};
			name = Debug;
		};
		FAEE26C41D490C8E00C4EE03 /* Release */ = {
			isa = XCBuildConfiguration;
			buildSettings = {
				ASSETCATALOG_COMPILER_APPICON_NAME = AppIcon;
				INFOPLIST_FILE = Controly_Test/Info.plist;
				LD_RUNPATH_SEARCH_PATHS = "$(inherited) @executable_path/Frameworks";
				PRODUCT_BUNDLE_IDENTIFIER = "com.FYT.Controly-Test";
				PRODUCT_NAME = "$(TARGET_NAME)";
			};
			name = Release;
		};
		FAEE26C61D490C8E00C4EE03 /* Debug */ = {
			isa = XCBuildConfiguration;
			buildSettings = {
				BUNDLE_LOADER = "$(TEST_HOST)";
				INFOPLIST_FILE = Controly_TestTests/Info.plist;
				LD_RUNPATH_SEARCH_PATHS = "$(inherited) @executable_path/Frameworks @loader_path/Frameworks";
				PRODUCT_BUNDLE_IDENTIFIER = "com.FYT.Controly-TestTests";
				PRODUCT_NAME = "$(TARGET_NAME)";
				TEST_HOST = "$(BUILT_PRODUCTS_DIR)/Controly_Test.app/Controly_Test";
			};
			name = Debug;
		};
		FAEE26C71D490C8E00C4EE03 /* Release */ = {
			isa = XCBuildConfiguration;
			buildSettings = {
				BUNDLE_LOADER = "$(TEST_HOST)";
				INFOPLIST_FILE = Controly_TestTests/Info.plist;
				LD_RUNPATH_SEARCH_PATHS = "$(inherited) @executable_path/Frameworks @loader_path/Frameworks";
				PRODUCT_BUNDLE_IDENTIFIER = "com.FYT.Controly-TestTests";
				PRODUCT_NAME = "$(TARGET_NAME)";
				TEST_HOST = "$(BUILT_PRODUCTS_DIR)/Controly_Test.app/Controly_Test";
			};
			name = Release;
		};
		FAEE26C91D490C8E00C4EE03 /* Debug */ = {
			isa = XCBuildConfiguration;
			buildSettings = {
				INFOPLIST_FILE = Controly_TestUITests/Info.plist;
				LD_RUNPATH_SEARCH_PATHS = "$(inherited) @executable_path/Frameworks @loader_path/Frameworks";
				PRODUCT_BUNDLE_IDENTIFIER = "com.FYT.Controly-TestUITests";
				PRODUCT_NAME = "$(TARGET_NAME)";
				TEST_TARGET_NAME = Controly_Test;
			};
			name = Debug;
		};
		FAEE26CA1D490C8E00C4EE03 /* Release */ = {
			isa = XCBuildConfiguration;
			buildSettings = {
				INFOPLIST_FILE = Controly_TestUITests/Info.plist;
				LD_RUNPATH_SEARCH_PATHS = "$(inherited) @executable_path/Frameworks @loader_path/Frameworks";
				PRODUCT_BUNDLE_IDENTIFIER = "com.FYT.Controly-TestUITests";
				PRODUCT_NAME = "$(TARGET_NAME)";
				TEST_TARGET_NAME = Controly_Test;
			};
			name = Release;
		};
/* End XCBuildConfiguration section */

/* Begin XCConfigurationList section */
		FAEE26951D490C8E00C4EE03 /* Build configuration list for PBXProject "Controly_Test" */ = {
			isa = XCConfigurationList;
			buildConfigurations = (
				FAEE26C01D490C8E00C4EE03 /* Debug */,
				FAEE26C11D490C8E00C4EE03 /* Release */,
			);
			defaultConfigurationIsVisible = 0;
			defaultConfigurationName = Release;
		};
		FAEE26C21D490C8E00C4EE03 /* Build configuration list for PBXNativeTarget "Controly_Test" */ = {
			isa = XCConfigurationList;
			buildConfigurations = (
				FAEE26C31D490C8E00C4EE03 /* Debug */,
				FAEE26C41D490C8E00C4EE03 /* Release */,
			);
			defaultConfigurationIsVisible = 0;
		};
		FAEE26C51D490C8E00C4EE03 /* Build configuration list for PBXNativeTarget "Controly_TestTests" */ = {
			isa = XCConfigurationList;
			buildConfigurations = (
				FAEE26C61D490C8E00C4EE03 /* Debug */,
				FAEE26C71D490C8E00C4EE03 /* Release */,
			);
			defaultConfigurationIsVisible = 0;
		};
		FAEE26C81D490C8E00C4EE03 /* Build configuration list for PBXNativeTarget "Controly_TestUITests" */ = {
			isa = XCConfigurationList;
			buildConfigurations = (
				FAEE26C91D490C8E00C4EE03 /* Debug */,
				FAEE26CA1D490C8E00C4EE03 /* Release */,
			);
			defaultConfigurationIsVisible = 0;
		};
/* End XCConfigurationList section */
	};
	rootObject = FAEE26921D490C8E00C4EE03 /* Project object */;
}
